
Microsoft Visual Studio Solution File, Format Version 12.00
# Visual Studio 2012
Project("{FAE04EC0-301F-11D3-BF4B-00C04F79EFBC}") = "Smart Parking System Console", "WindowsFormsApplication1\Smart Parking System Console.csproj", "{60F5713F-F43E-4FBB-BC28-C45902607DCB}"
EndProject
Global
	GlobalSection(SolutionConfigurationPlatforms) = preSolution
		Debug|Any CPU = Debug|Any CPU
		Release|Any CPU = Release|Any CPU
	EndGlobalSection
	GlobalSection(ProjectConfigurationPlatforms) = postSolution
		{60F5713F-F43E-4FBB-BC28-C45902607DCB}.Debug|Any CPU.ActiveCfg = Debug|Any CPU
		{60F5713F-F43E-4FBB-BC28-C45902607DCB}.Debug|Any CPU.Build.0 = Debug|Any CPU
		{60F5713F-F43E-4FBB-BC28-C45902607DCB}.Release|Any CPU.ActiveCfg = Release|Any CPU
		{60F5713F-F43E-4FBB-BC28-C45902607DCB}.Release|Any CPU.Build.0 = Release|Any CPU
	EndGlobalSection
	GlobalSection(SolutionProperties) = preSolution
		HideSolutionNode = FALSE
	EndGlobalSection
EndGlobal
